{
  "name": "lib",
  "lockfileVersion": 3,
  "requires": true,
  "packages": {
    "": {
      "dependencies": {
        "@eth-optimism/contracts-bedrock": "^0.17.3"
      }
    },
    "node_modules/@eth-optimism/contracts-bedrock": {
      "version": "0.17.3",
      "resolved": "https://registry.npmjs.org/@eth-optimism/contracts-bedrock/-/contracts-bedrock-0.17.3.tgz",
      "integrity": "sha512-cHPO7ntWeOBDLO7ZFFSZGI1D7CDqf4loRbRVJrFIsqLEz+hysWIqA0e3dv2GnrjVeuYePBfI2NTBEG4uwz9bQQ==",
      "license": "MIT"
    }
  }
}
